
Microsoft Visual Studio Solution File, Format Version 12.00
# Visual Studio Version 17
VisualStudioVersion = 17.6.33829.357
MinimumVisualStudioVersion = 10.0.40219.1
Project("{9A19103F-16F7-4668-BE54-9A1E7A4F7556}") = "Exo1_List_Departements", "Exo1_List_Departements\Exo1_List_Departements.csproj", "{94BB2BA7-02B1-46C9-8096-36593639459C}"
EndProject
Project("{FAE04EC0-301F-11D3-BF4B-00C04F79EFBC}") = "Exo2_Dictionary", "Exo2_Dictionary\Exo2_Dictionary.csproj", "{ED9F0838-4C00-4D9A-A781-76ECEEEC2070}"
EndProject
Global
	GlobalSection(SolutionConfigurationPlatforms) = preSolution
		Debug|Any CPU = Debug|Any CPU
		Release|Any CPU = Release|Any CPU
	EndGlobalSection
	GlobalSection(ProjectConfigurationPlatforms) = postSolution
		{94BB2BA7-02B1-46C9-8096-36593639459C}.Debug|Any CPU.ActiveCfg = Debug|Any CPU
		{94BB2BA7-02B1-46C9-8096-36593639459C}.Debug|Any CPU.Build.0 = Debug|Any CPU
		{94BB2BA7-02B1-46C9-8096-36593639459C}.Release|Any CPU.ActiveCfg = Release|Any CPU
		{94BB2BA7-02B1-46C9-8096-36593639459C}.Release|Any CPU.Build.0 = Release|Any CPU
		{ED9F0838-4C00-4D9A-A781-76ECEEEC2070}.Debug|Any CPU.ActiveCfg = Debug|Any CPU
		{ED9F0838-4C00-4D9A-A781-76ECEEEC2070}.Debug|Any CPU.Build.0 = Debug|Any CPU
		{ED9F0838-4C00-4D9A-A781-76ECEEEC2070}.Release|Any CPU.ActiveCfg = Release|Any CPU
		{ED9F0838-4C00-4D9A-A781-76ECEEEC2070}.Release|Any CPU.Build.0 = Release|Any CPU
	EndGlobalSection
	GlobalSection(SolutionProperties) = preSolution
		HideSolutionNode = FALSE
	EndGlobalSection
	GlobalSection(ExtensibilityGlobals) = postSolution
		SolutionGuid = {83674BC2-ABA7-4F5E-94FF-A590B1B9D342}
	EndGlobalSection
EndGlobal
