
Microsoft Visual Studio Solution File, Format Version 12.00
# Visual Studio Version 17
VisualStudioVersion = 17.2.32616.157
MinimumVisualStudioVersion = 10.0.40219.1
Project("{9A19103F-16F7-4668-BE54-9A1E7A4F7556}") = "P1_BD_Locale", "P1_BD_Locale\P1_BD_Locale.csproj", "{8F7067C1-4692-49ED-BDAD-83EDEBEF8536}"
EndProject
Project("{9A19103F-16F7-4668-BE54-9A1E7A4F7556}") = "P2_BD_PostGRESQL", "P2_BD_PostGRESQL\P2_BD_PostGRESQL.csproj", "{B2AFD247-1F0C-4729-B210-8B70A645B458}"
EndProject
Global
	GlobalSection(SolutionConfigurationPlatforms) = preSolution
		Debug|Any CPU = Debug|Any CPU
		Release|Any CPU = Release|Any CPU
	EndGlobalSection
	GlobalSection(ProjectConfigurationPlatforms) = postSolution
		{8F7067C1-4692-49ED-BDAD-83EDEBEF8536}.Debug|Any CPU.ActiveCfg = Debug|Any CPU
		{8F7067C1-4692-49ED-BDAD-83EDEBEF8536}.Debug|Any CPU.Build.0 = Debug|Any CPU
		{8F7067C1-4692-49ED-BDAD-83EDEBEF8536}.Release|Any CPU.ActiveCfg = Release|Any CPU
		{8F7067C1-4692-49ED-BDAD-83EDEBEF8536}.Release|Any CPU.Build.0 = Release|Any CPU
		{B2AFD247-1F0C-4729-B210-8B70A645B458}.Debug|Any CPU.ActiveCfg = Debug|Any CPU
		{B2AFD247-1F0C-4729-B210-8B70A645B458}.Debug|Any CPU.Build.0 = Debug|Any CPU
		{B2AFD247-1F0C-4729-B210-8B70A645B458}.Release|Any CPU.ActiveCfg = Release|Any CPU
		{B2AFD247-1F0C-4729-B210-8B70A645B458}.Release|Any CPU.Build.0 = Release|Any CPU
	EndGlobalSection
	GlobalSection(SolutionProperties) = preSolution
		HideSolutionNode = FALSE
	EndGlobalSection
	GlobalSection(ExtensibilityGlobals) = postSolution
		SolutionGuid = {B68B9B66-2FE1-4DA6-A151-2A870F5202AD}
	EndGlobalSection
EndGlobal
