
Microsoft Visual Studio Solution File, Format Version 12.00
# Visual Studio Version 17
VisualStudioVersion = 17.6.33829.357
MinimumVisualStudioVersion = 10.0.40219.1
Project("{9A19103F-16F7-4668-BE54-9A1E7A4F7556}") = "P1_FicheClient", "P1_FicheClient\P1_FicheClient.csproj", "{CFFFEE46-9B25-4A37-B965-27FA842CA6E2}"
EndProject
Project("{9A19103F-16F7-4668-BE54-9A1E7A4F7556}") = "P2_ListeClients", "P2_ListeClients\P2_ListeClients.csproj", "{DD5443D8-844C-4B6D-9E0F-A045D57F6BC1}"
EndProject
Project("{9A19103F-16F7-4668-BE54-9A1E7A4F7556}") = "P3_ListeClients_MasterDetail", "P3_ListeClients_MasterDetail\P3_ListeClients_MasterDetail.csproj", "{5559CED2-862C-4A93-A653-74B64EDD9990}"
EndProject
Global
	GlobalSection(SolutionConfigurationPlatforms) = preSolution
		Debug|Any CPU = Debug|Any CPU
		Release|Any CPU = Release|Any CPU
	EndGlobalSection
	GlobalSection(ProjectConfigurationPlatforms) = postSolution
		{CFFFEE46-9B25-4A37-B965-27FA842CA6E2}.Debug|Any CPU.ActiveCfg = Debug|Any CPU
		{CFFFEE46-9B25-4A37-B965-27FA842CA6E2}.Debug|Any CPU.Build.0 = Debug|Any CPU
		{CFFFEE46-9B25-4A37-B965-27FA842CA6E2}.Release|Any CPU.ActiveCfg = Release|Any CPU
		{CFFFEE46-9B25-4A37-B965-27FA842CA6E2}.Release|Any CPU.Build.0 = Release|Any CPU
		{DD5443D8-844C-4B6D-9E0F-A045D57F6BC1}.Debug|Any CPU.ActiveCfg = Debug|Any CPU
		{DD5443D8-844C-4B6D-9E0F-A045D57F6BC1}.Debug|Any CPU.Build.0 = Debug|Any CPU
		{DD5443D8-844C-4B6D-9E0F-A045D57F6BC1}.Release|Any CPU.ActiveCfg = Release|Any CPU
		{DD5443D8-844C-4B6D-9E0F-A045D57F6BC1}.Release|Any CPU.Build.0 = Release|Any CPU
		{5559CED2-862C-4A93-A653-74B64EDD9990}.Debug|Any CPU.ActiveCfg = Debug|Any CPU
		{5559CED2-862C-4A93-A653-74B64EDD9990}.Debug|Any CPU.Build.0 = Debug|Any CPU
		{5559CED2-862C-4A93-A653-74B64EDD9990}.Release|Any CPU.ActiveCfg = Release|Any CPU
		{5559CED2-862C-4A93-A653-74B64EDD9990}.Release|Any CPU.Build.0 = Release|Any CPU
	EndGlobalSection
	GlobalSection(SolutionProperties) = preSolution
		HideSolutionNode = FALSE
	EndGlobalSection
	GlobalSection(ExtensibilityGlobals) = postSolution
		SolutionGuid = {17A6493A-7F2A-497C-AE48-BB6CE22CE123}
	EndGlobalSection
EndGlobal
